
Microsoft Visual Studio Solution File, Format Version 12.00
# Visual Studio 15
VisualStudioVersion = 15.0.27130.2026
MinimumVisualStudioVersion = 10.0.40219.1
Project("{8BC9CEB8-8B4A-11D0-8D11-00A0C91BC942}") = "Section1.3", "Section1.3\Section1.3.vcxproj", "{AC1DBD2A-B082-434A-885F-413174F656DB}"
EndProject
Project("{8BC9CEB8-8B4A-11D0-8D11-00A0C91BC942}") = "Section1.4.1", "Section1.4.1\Section1.4.1.vcxproj", "{9E9ED134-893F-44EF-B48D-2FEB790E42F6}"
EndProject
Project("{8BC9CEB8-8B4A-11D0-8D11-00A0C91BC942}") = "Section1.4.2", "Section1.4.2\Section1.4.2.vcxproj", "{EB1A8C0C-04E4-4697-87BD-61F15A8E3980}"
EndProject
Project("{8BC9CEB8-8B4A-11D0-8D11-00A0C91BC942}") = "Section1.4.3", "Section1.4.3\Section1.4.3.vcxproj", "{3AC841EF-D69E-4475-9FDB-7EA6B8B3FD07}"
EndProject
Project("{8BC9CEB8-8B4A-11D0-8D11-00A0C91BC942}") = "Section1.4.4", "Section1.4.4\Section1.4.4.vcxproj", "{D008EBFB-96F0-4662-89E3-BA148EDD63B6}"
EndProject
Project("{8BC9CEB8-8B4A-11D0-8D11-00A0C91BC942}") = "Section1.5.1", "Section1.5.1\Section1.5.1.vcxproj", "{8D35D941-4657-4F67-A8D2-BD2E875FB737}"
EndProject
Project("{8BC9CEB8-8B4A-11D0-8D11-00A0C91BC942}") = "Section1.5.2", "Section1.5.2\Section1.5.2.vcxproj", "{3D6A6FAC-CF08-4F77-BCA6-44E5A801E936}"
EndProject
Project("{8BC9CEB8-8B4A-11D0-8D11-00A0C91BC942}") = "Section 1.2", "Section1.2\CPPPrimer.vcxproj", "{31914672-7D76-4303-9B29-02EB99BCE167}"
EndProject
Project("{8BC9CEB8-8B4A-11D0-8D11-00A0C91BC942}") = "Section1.6", "Section1.6\Section1.6.vcxproj", "{0D17433E-EBE0-40A9-BD21-D18AB1D2FCB9}"
EndProject
Project("{8BC9CEB8-8B4A-11D0-8D11-00A0C91BC942}") = "Section2.1.2", "Section2.1.2\Section2.1.2.vcxproj", "{F18BD21F-3AB1-4FF2-AFE7-3ADD45C2B9A0}"
EndProject
Project("{8BC9CEB8-8B4A-11D0-8D11-00A0C91BC942}") = "Section6.1", "Section6.1\Section6.1.vcxproj", "{69B3F747-A6DB-4660-89EE-4B17A6FB4EB9}"
EndProject
Project("{8BC9CEB8-8B4A-11D0-8D11-00A0C91BC942}") = "Test", "Test\Test.vcxproj", "{1DC18464-B79C-4D0A-BF6A-884B22E9C32A}"
EndProject
Project("{8BC9CEB8-8B4A-11D0-8D11-00A0C91BC942}") = "Section2.3.2", "Section2.3.2\Section2.3.2.vcxproj", "{DF63F200-18A6-4F94-B147-03DDF2E161A1}"
EndProject
Project("{8BC9CEB8-8B4A-11D0-8D11-00A0C91BC942}") = "Section2.3.3", "Section2.3.3\Section2.3.3.vcxproj", "{5A058431-52B5-448A-88E0-96E6B4F55165}"
EndProject
Project("{8BC9CEB8-8B4A-11D0-8D11-00A0C91BC942}") = "Section2.4.2", "Section2.4.2\Section2.4.2.vcxproj", "{C3E367AB-C50B-4ED6-A7CC-69AADCC05693}"
EndProject
Project("{8BC9CEB8-8B4A-11D0-8D11-00A0C91BC942}") = "Section2.5.2", "Section2.5.2\Section2.5.2.vcxproj", "{8E148BF0-1EB8-4BDE-9A7B-B83EC7DED3C5}"
EndProject
Project("{8BC9CEB8-8B4A-11D0-8D11-00A0C91BC942}") = "Section2.6.3", "Section2.6.3\Section2.6.3.vcxproj", "{54997F12-8B33-48E9-A596-77E85BBF21B7}"
EndProject
Project("{8BC9CEB8-8B4A-11D0-8D11-00A0C91BC942}") = "Section2.6.2", "Section2.6.2\Section2.6.2.vcxproj", "{AB9AC5B7-2E9E-4305-B05E-95986F04855F}"
EndProject
Project("{8BC9CEB8-8B4A-11D0-8D11-00A0C91BC942}") = "Section3.2.2", "Section3.2.2\Section3.2.2.vcxproj", "{8D8682BE-12A5-4D8B-BA1A-70347FAF1E3C}"
EndProject
Project("{8BC9CEB8-8B4A-11D0-8D11-00A0C91BC942}") = "Section3.2.3", "Section3.2.3\Section3.2.3.vcxproj", "{24417155-2676-4401-8ABA-4616609E6CF4}"
EndProject
Project("{8BC9CEB8-8B4A-11D0-8D11-00A0C91BC942}") = "Section7.1.2", "Section7.1.2\Section7.1.2.vcxproj", "{809967D1-37FC-49FC-A634-5CBBC4B1E0E4}"
EndProject
Project("{8BC9CEB8-8B4A-11D0-8D11-00A0C91BC942}") = "Section7.1.3", "Section7.1.3\Section7.1.3.vcxproj", "{4552D568-04A7-43EF-A389-8181D4B05569}"
EndProject
Project("{8BC9CEB8-8B4A-11D0-8D11-00A0C91BC942}") = "Section7.1.4", "Section7.1.4\Section7.1.4.vcxproj", "{025973A8-CC2A-4B39-92F9-0E3DBA41AFFF}"
EndProject
Project("{8BC9CEB8-8B4A-11D0-8D11-00A0C91BC942}") = "Section3.3.1", "Section3.3.1\Section3.3.1.vcxproj", "{4104922F-D22F-4D3D-A7D7-A705615B6E96}"
EndProject
Project("{8BC9CEB8-8B4A-11D0-8D11-00A0C91BC942}") = "Section3.3.2", "Section3.3.2\Section3.3.2.vcxproj", "{AB2D7004-7831-4D68-AF71-BDA48B5E5ED8}"
EndProject
Project("{8BC9CEB8-8B4A-11D0-8D11-00A0C91BC942}") = "Section3.3.3", "Section3.3.3\Section3.3.3.vcxproj", "{9AA217FE-6D5F-4EC2-8BCE-CE8AA6DA34A5}"
EndProject
Project("{8BC9CEB8-8B4A-11D0-8D11-00A0C91BC942}") = "Section3.4.1", "Section3.4.1\Section3.4.1.vcxproj", "{A5D9BBC5-2412-44CF-A770-C0FD94992F9A}"
EndProject
Global
	GlobalSection(SolutionConfigurationPlatforms) = preSolution
		Debug|x64 = Debug|x64
		Debug|x86 = Debug|x86
		Release|x64 = Release|x64
		Release|x86 = Release|x86
	EndGlobalSection
	GlobalSection(ProjectConfigurationPlatforms) = postSolution
		{AC1DBD2A-B082-434A-885F-413174F656DB}.Debug|x64.ActiveCfg = Debug|x64
		{AC1DBD2A-B082-434A-885F-413174F656DB}.Debug|x64.Build.0 = Debug|x64
		{AC1DBD2A-B082-434A-885F-413174F656DB}.Debug|x86.ActiveCfg = Debug|Win32
		{AC1DBD2A-B082-434A-885F-413174F656DB}.Debug|x86.Build.0 = Debug|Win32
		{AC1DBD2A-B082-434A-885F-413174F656DB}.Release|x64.ActiveCfg = Release|x64
		{AC1DBD2A-B082-434A-885F-413174F656DB}.Release|x64.Build.0 = Release|x64
		{AC1DBD2A-B082-434A-885F-413174F656DB}.Release|x86.ActiveCfg = Release|Win32
		{AC1DBD2A-B082-434A-885F-413174F656DB}.Release|x86.Build.0 = Release|Win32
		{9E9ED134-893F-44EF-B48D-2FEB790E42F6}.Debug|x64.ActiveCfg = Debug|x64
		{9E9ED134-893F-44EF-B48D-2FEB790E42F6}.Debug|x64.Build.0 = Debug|x64
		{9E9ED134-893F-44EF-B48D-2FEB790E42F6}.Debug|x86.ActiveCfg = Debug|Win32
		{9E9ED134-893F-44EF-B48D-2FEB790E42F6}.Debug|x86.Build.0 = Debug|Win32
		{9E9ED134-893F-44EF-B48D-2FEB790E42F6}.Release|x64.ActiveCfg = Release|x64
		{9E9ED134-893F-44EF-B48D-2FEB790E42F6}.Release|x64.Build.0 = Release|x64
		{9E9ED134-893F-44EF-B48D-2FEB790E42F6}.Release|x86.ActiveCfg = Release|Win32
		{9E9ED134-893F-44EF-B48D-2FEB790E42F6}.Release|x86.Build.0 = Release|Win32
		{EB1A8C0C-04E4-4697-87BD-61F15A8E3980}.Debug|x64.ActiveCfg = Debug|x64
		{EB1A8C0C-04E4-4697-87BD-61F15A8E3980}.Debug|x64.Build.0 = Debug|x64
		{EB1A8C0C-04E4-4697-87BD-61F15A8E3980}.Debug|x86.ActiveCfg = Debug|Win32
		{EB1A8C0C-04E4-4697-87BD-61F15A8E3980}.Debug|x86.Build.0 = Debug|Win32
		{EB1A8C0C-04E4-4697-87BD-61F15A8E3980}.Release|x64.ActiveCfg = Release|x64
		{EB1A8C0C-04E4-4697-87BD-61F15A8E3980}.Release|x64.Build.0 = Release|x64
		{EB1A8C0C-04E4-4697-87BD-61F15A8E3980}.Release|x86.ActiveCfg = Release|Win32
		{EB1A8C0C-04E4-4697-87BD-61F15A8E3980}.Release|x86.Build.0 = Release|Win32
		{3AC841EF-D69E-4475-9FDB-7EA6B8B3FD07}.Debug|x64.ActiveCfg = Debug|x64
		{3AC841EF-D69E-4475-9FDB-7EA6B8B3FD07}.Debug|x64.Build.0 = Debug|x64
		{3AC841EF-D69E-4475-9FDB-7EA6B8B3FD07}.Debug|x86.ActiveCfg = Debug|Win32
		{3AC841EF-D69E-4475-9FDB-7EA6B8B3FD07}.Debug|x86.Build.0 = Debug|Win32
		{3AC841EF-D69E-4475-9FDB-7EA6B8B3FD07}.Release|x64.ActiveCfg = Release|x64
		{3AC841EF-D69E-4475-9FDB-7EA6B8B3FD07}.Release|x64.Build.0 = Release|x64
		{3AC841EF-D69E-4475-9FDB-7EA6B8B3FD07}.Release|x86.ActiveCfg = Release|Win32
		{3AC841EF-D69E-4475-9FDB-7EA6B8B3FD07}.Release|x86.Build.0 = Release|Win32
		{D008EBFB-96F0-4662-89E3-BA148EDD63B6}.Debug|x64.ActiveCfg = Debug|x64
		{D008EBFB-96F0-4662-89E3-BA148EDD63B6}.Debug|x64.Build.0 = Debug|x64
		{D008EBFB-96F0-4662-89E3-BA148EDD63B6}.Debug|x86.ActiveCfg = Debug|Win32
		{D008EBFB-96F0-4662-89E3-BA148EDD63B6}.Debug|x86.Build.0 = Debug|Win32
		{D008EBFB-96F0-4662-89E3-BA148EDD63B6}.Release|x64.ActiveCfg = Release|x64
		{D008EBFB-96F0-4662-89E3-BA148EDD63B6}.Release|x64.Build.0 = Release|x64
		{D008EBFB-96F0-4662-89E3-BA148EDD63B6}.Release|x86.ActiveCfg = Release|Win32
		{D008EBFB-96F0-4662-89E3-BA148EDD63B6}.Release|x86.Build.0 = Release|Win32
		{8D35D941-4657-4F67-A8D2-BD2E875FB737}.Debug|x64.ActiveCfg = Debug|x64
		{8D35D941-4657-4F67-A8D2-BD2E875FB737}.Debug|x64.Build.0 = Debug|x64
		{8D35D941-4657-4F67-A8D2-BD2E875FB737}.Debug|x86.ActiveCfg = Debug|Win32
		{8D35D941-4657-4F67-A8D2-BD2E875FB737}.Debug|x86.Build.0 = Debug|Win32
		{8D35D941-4657-4F67-A8D2-BD2E875FB737}.Release|x64.ActiveCfg = Release|x64
		{8D35D941-4657-4F67-A8D2-BD2E875FB737}.Release|x64.Build.0 = Release|x64
		{8D35D941-4657-4F67-A8D2-BD2E875FB737}.Release|x86.ActiveCfg = Release|Win32
		{8D35D941-4657-4F67-A8D2-BD2E875FB737}.Release|x86.Build.0 = Release|Win32
		{3D6A6FAC-CF08-4F77-BCA6-44E5A801E936}.Debug|x64.ActiveCfg = Debug|x64
		{3D6A6FAC-CF08-4F77-BCA6-44E5A801E936}.Debug|x64.Build.0 = Debug|x64
		{3D6A6FAC-CF08-4F77-BCA6-44E5A801E936}.Debug|x86.ActiveCfg = Debug|Win32
		{3D6A6FAC-CF08-4F77-BCA6-44E5A801E936}.Debug|x86.Build.0 = Debug|Win32
		{3D6A6FAC-CF08-4F77-BCA6-44E5A801E936}.Release|x64.ActiveCfg = Release|x64
		{3D6A6FAC-CF08-4F77-BCA6-44E5A801E936}.Release|x64.Build.0 = Release|x64
		{3D6A6FAC-CF08-4F77-BCA6-44E5A801E936}.Release|x86.ActiveCfg = Release|Win32
		{3D6A6FAC-CF08-4F77-BCA6-44E5A801E936}.Release|x86.Build.0 = Release|Win32
		{31914672-7D76-4303-9B29-02EB99BCE167}.Debug|x64.ActiveCfg = Debug|x64
		{31914672-7D76-4303-9B29-02EB99BCE167}.Debug|x64.Build.0 = Debug|x64
		{31914672-7D76-4303-9B29-02EB99BCE167}.Debug|x86.ActiveCfg = Debug|Win32
		{31914672-7D76-4303-9B29-02EB99BCE167}.Debug|x86.Build.0 = Debug|Win32
		{31914672-7D76-4303-9B29-02EB99BCE167}.Release|x64.ActiveCfg = Release|x64
		{31914672-7D76-4303-9B29-02EB99BCE167}.Release|x64.Build.0 = Release|x64
		{31914672-7D76-4303-9B29-02EB99BCE167}.Release|x86.ActiveCfg = Release|Win32
		{31914672-7D76-4303-9B29-02EB99BCE167}.Release|x86.Build.0 = Release|Win32
		{0D17433E-EBE0-40A9-BD21-D18AB1D2FCB9}.Debug|x64.ActiveCfg = Debug|x64
		{0D17433E-EBE0-40A9-BD21-D18AB1D2FCB9}.Debug|x64.Build.0 = Debug|x64
		{0D17433E-EBE0-40A9-BD21-D18AB1D2FCB9}.Debug|x86.ActiveCfg = Debug|Win32
		{0D17433E-EBE0-40A9-BD21-D18AB1D2FCB9}.Debug|x86.Build.0 = Debug|Win32
		{0D17433E-EBE0-40A9-BD21-D18AB1D2FCB9}.Release|x64.ActiveCfg = Release|x64
		{0D17433E-EBE0-40A9-BD21-D18AB1D2FCB9}.Release|x64.Build.0 = Release|x64
		{0D17433E-EBE0-40A9-BD21-D18AB1D2FCB9}.Release|x86.ActiveCfg = Release|Win32
		{0D17433E-EBE0-40A9-BD21-D18AB1D2FCB9}.Release|x86.Build.0 = Release|Win32
		{F18BD21F-3AB1-4FF2-AFE7-3ADD45C2B9A0}.Debug|x64.ActiveCfg = Debug|x64
		{F18BD21F-3AB1-4FF2-AFE7-3ADD45C2B9A0}.Debug|x64.Build.0 = Debug|x64
		{F18BD21F-3AB1-4FF2-AFE7-3ADD45C2B9A0}.Debug|x86.ActiveCfg = Debug|Win32
		{F18BD21F-3AB1-4FF2-AFE7-3ADD45C2B9A0}.Debug|x86.Build.0 = Debug|Win32
		{F18BD21F-3AB1-4FF2-AFE7-3ADD45C2B9A0}.Release|x64.ActiveCfg = Release|x64
		{F18BD21F-3AB1-4FF2-AFE7-3ADD45C2B9A0}.Release|x64.Build.0 = Release|x64
		{F18BD21F-3AB1-4FF2-AFE7-3ADD45C2B9A0}.Release|x86.ActiveCfg = Release|Win32
		{F18BD21F-3AB1-4FF2-AFE7-3ADD45C2B9A0}.Release|x86.Build.0 = Release|Win32
		{69B3F747-A6DB-4660-89EE-4B17A6FB4EB9}.Debug|x64.ActiveCfg = Debug|x64
		{69B3F747-A6DB-4660-89EE-4B17A6FB4EB9}.Debug|x64.Build.0 = Debug|x64
		{69B3F747-A6DB-4660-89EE-4B17A6FB4EB9}.Debug|x86.ActiveCfg = Debug|Win32
		{69B3F747-A6DB-4660-89EE-4B17A6FB4EB9}.Debug|x86.Build.0 = Debug|Win32
		{69B3F747-A6DB-4660-89EE-4B17A6FB4EB9}.Release|x64.ActiveCfg = Release|x64
		{69B3F747-A6DB-4660-89EE-4B17A6FB4EB9}.Release|x64.Build.0 = Release|x64
		{69B3F747-A6DB-4660-89EE-4B17A6FB4EB9}.Release|x86.ActiveCfg = Release|Win32
		{69B3F747-A6DB-4660-89EE-4B17A6FB4EB9}.Release|x86.Build.0 = Release|Win32
		{1DC18464-B79C-4D0A-BF6A-884B22E9C32A}.Debug|x64.ActiveCfg = Debug|x64
		{1DC18464-B79C-4D0A-BF6A-884B22E9C32A}.Debug|x64.Build.0 = Debug|x64
		{1DC18464-B79C-4D0A-BF6A-884B22E9C32A}.Debug|x86.ActiveCfg = Debug|Win32
		{1DC18464-B79C-4D0A-BF6A-884B22E9C32A}.Debug|x86.Build.0 = Debug|Win32
		{1DC18464-B79C-4D0A-BF6A-884B22E9C32A}.Release|x64.ActiveCfg = Release|x64
		{1DC18464-B79C-4D0A-BF6A-884B22E9C32A}.Release|x64.Build.0 = Release|x64
		{1DC18464-B79C-4D0A-BF6A-884B22E9C32A}.Release|x86.ActiveCfg = Release|Win32
		{1DC18464-B79C-4D0A-BF6A-884B22E9C32A}.Release|x86.Build.0 = Release|Win32
		{DF63F200-18A6-4F94-B147-03DDF2E161A1}.Debug|x64.ActiveCfg = Debug|x64
		{DF63F200-18A6-4F94-B147-03DDF2E161A1}.Debug|x64.Build.0 = Debug|x64
		{DF63F200-18A6-4F94-B147-03DDF2E161A1}.Debug|x86.ActiveCfg = Debug|Win32
		{DF63F200-18A6-4F94-B147-03DDF2E161A1}.Debug|x86.Build.0 = Debug|Win32
		{DF63F200-18A6-4F94-B147-03DDF2E161A1}.Release|x64.ActiveCfg = Release|x64
		{DF63F200-18A6-4F94-B147-03DDF2E161A1}.Release|x64.Build.0 = Release|x64
		{DF63F200-18A6-4F94-B147-03DDF2E161A1}.Release|x86.ActiveCfg = Release|Win32
		{DF63F200-18A6-4F94-B147-03DDF2E161A1}.Release|x86.Build.0 = Release|Win32
		{5A058431-52B5-448A-88E0-96E6B4F55165}.Debug|x64.ActiveCfg = Debug|x64
		{5A058431-52B5-448A-88E0-96E6B4F55165}.Debug|x64.Build.0 = Debug|x64
		{5A058431-52B5-448A-88E0-96E6B4F55165}.Debug|x86.ActiveCfg = Debug|Win32
		{5A058431-52B5-448A-88E0-96E6B4F55165}.Debug|x86.Build.0 = Debug|Win32
		{5A058431-52B5-448A-88E0-96E6B4F55165}.Release|x64.ActiveCfg = Release|x64
		{5A058431-52B5-448A-88E0-96E6B4F55165}.Release|x64.Build.0 = Release|x64
		{5A058431-52B5-448A-88E0-96E6B4F55165}.Release|x86.ActiveCfg = Release|Win32
		{5A058431-52B5-448A-88E0-96E6B4F55165}.Release|x86.Build.0 = Release|Win32
		{C3E367AB-C50B-4ED6-A7CC-69AADCC05693}.Debug|x64.ActiveCfg = Debug|x64
		{C3E367AB-C50B-4ED6-A7CC-69AADCC05693}.Debug|x64.Build.0 = Debug|x64
		{C3E367AB-C50B-4ED6-A7CC-69AADCC05693}.Debug|x86.ActiveCfg = Debug|Win32
		{C3E367AB-C50B-4ED6-A7CC-69AADCC05693}.Debug|x86.Build.0 = Debug|Win32
		{C3E367AB-C50B-4ED6-A7CC-69AADCC05693}.Release|x64.ActiveCfg = Release|x64
		{C3E367AB-C50B-4ED6-A7CC-69AADCC05693}.Release|x64.Build.0 = Release|x64
		{C3E367AB-C50B-4ED6-A7CC-69AADCC05693}.Release|x86.ActiveCfg = Release|Win32
		{C3E367AB-C50B-4ED6-A7CC-69AADCC05693}.Release|x86.Build.0 = Release|Win32
		{8E148BF0-1EB8-4BDE-9A7B-B83EC7DED3C5}.Debug|x64.ActiveCfg = Debug|x64
		{8E148BF0-1EB8-4BDE-9A7B-B83EC7DED3C5}.Debug|x64.Build.0 = Debug|x64
		{8E148BF0-1EB8-4BDE-9A7B-B83EC7DED3C5}.Debug|x86.ActiveCfg = Debug|Win32
		{8E148BF0-1EB8-4BDE-9A7B-B83EC7DED3C5}.Debug|x86.Build.0 = Debug|Win32
		{8E148BF0-1EB8-4BDE-9A7B-B83EC7DED3C5}.Release|x64.ActiveCfg = Release|x64
		{8E148BF0-1EB8-4BDE-9A7B-B83EC7DED3C5}.Release|x64.Build.0 = Release|x64
		{8E148BF0-1EB8-4BDE-9A7B-B83EC7DED3C5}.Release|x86.ActiveCfg = Release|Win32
		{8E148BF0-1EB8-4BDE-9A7B-B83EC7DED3C5}.Release|x86.Build.0 = Release|Win32
		{54997F12-8B33-48E9-A596-77E85BBF21B7}.Debug|x64.ActiveCfg = Debug|x64
		{54997F12-8B33-48E9-A596-77E85BBF21B7}.Debug|x64.Build.0 = Debug|x64
		{54997F12-8B33-48E9-A596-77E85BBF21B7}.Debug|x86.ActiveCfg = Debug|Win32
		{54997F12-8B33-48E9-A596-77E85BBF21B7}.Debug|x86.Build.0 = Debug|Win32
		{54997F12-8B33-48E9-A596-77E85BBF21B7}.Release|x64.ActiveCfg = Release|x64
		{54997F12-8B33-48E9-A596-77E85BBF21B7}.Release|x64.Build.0 = Release|x64
		{54997F12-8B33-48E9-A596-77E85BBF21B7}.Release|x86.ActiveCfg = Release|Win32
		{54997F12-8B33-48E9-A596-77E85BBF21B7}.Release|x86.Build.0 = Release|Win32
		{AB9AC5B7-2E9E-4305-B05E-95986F04855F}.Debug|x64.ActiveCfg = Debug|x64
		{AB9AC5B7-2E9E-4305-B05E-95986F04855F}.Debug|x64.Build.0 = Debug|x64
		{AB9AC5B7-2E9E-4305-B05E-95986F04855F}.Debug|x86.ActiveCfg = Debug|Win32
		{AB9AC5B7-2E9E-4305-B05E-95986F04855F}.Debug|x86.Build.0 = Debug|Win32
		{AB9AC5B7-2E9E-4305-B05E-95986F04855F}.Release|x64.ActiveCfg = Release|x64
		{AB9AC5B7-2E9E-4305-B05E-95986F04855F}.Release|x64.Build.0 = Release|x64
		{AB9AC5B7-2E9E-4305-B05E-95986F04855F}.Release|x86.ActiveCfg = Release|Win32
		{AB9AC5B7-2E9E-4305-B05E-95986F04855F}.Release|x86.Build.0 = Release|Win32
		{8D8682BE-12A5-4D8B-BA1A-70347FAF1E3C}.Debug|x64.ActiveCfg = Debug|x64
		{8D8682BE-12A5-4D8B-BA1A-70347FAF1E3C}.Debug|x64.Build.0 = Debug|x64
		{8D8682BE-12A5-4D8B-BA1A-70347FAF1E3C}.Debug|x86.ActiveCfg = Debug|Win32
		{8D8682BE-12A5-4D8B-BA1A-70347FAF1E3C}.Debug|x86.Build.0 = Debug|Win32
		{8D8682BE-12A5-4D8B-BA1A-70347FAF1E3C}.Release|x64.ActiveCfg = Release|x64
		{8D8682BE-12A5-4D8B-BA1A-70347FAF1E3C}.Release|x64.Build.0 = Release|x64
		{8D8682BE-12A5-4D8B-BA1A-70347FAF1E3C}.Release|x86.ActiveCfg = Release|Win32
		{8D8682BE-12A5-4D8B-BA1A-70347FAF1E3C}.Release|x86.Build.0 = Release|Win32
		{24417155-2676-4401-8ABA-4616609E6CF4}.Debug|x64.ActiveCfg = Debug|x64
		{24417155-2676-4401-8ABA-4616609E6CF4}.Debug|x64.Build.0 = Debug|x64
		{24417155-2676-4401-8ABA-4616609E6CF4}.Debug|x86.ActiveCfg = Debug|Win32
		{24417155-2676-4401-8ABA-4616609E6CF4}.Debug|x86.Build.0 = Debug|Win32
		{24417155-2676-4401-8ABA-4616609E6CF4}.Release|x64.ActiveCfg = Release|x64
		{24417155-2676-4401-8ABA-4616609E6CF4}.Release|x64.Build.0 = Release|x64
		{24417155-2676-4401-8ABA-4616609E6CF4}.Release|x86.ActiveCfg = Release|Win32
		{24417155-2676-4401-8ABA-4616609E6CF4}.Release|x86.Build.0 = Release|Win32
		{809967D1-37FC-49FC-A634-5CBBC4B1E0E4}.Debug|x64.ActiveCfg = Debug|x64
		{809967D1-37FC-49FC-A634-5CBBC4B1E0E4}.Debug|x64.Build.0 = Debug|x64
		{809967D1-37FC-49FC-A634-5CBBC4B1E0E4}.Debug|x86.ActiveCfg = Debug|Win32
		{809967D1-37FC-49FC-A634-5CBBC4B1E0E4}.Debug|x86.Build.0 = Debug|Win32
		{809967D1-37FC-49FC-A634-5CBBC4B1E0E4}.Release|x64.ActiveCfg = Release|x64
		{809967D1-37FC-49FC-A634-5CBBC4B1E0E4}.Release|x64.Build.0 = Release|x64
		{809967D1-37FC-49FC-A634-5CBBC4B1E0E4}.Release|x86.ActiveCfg = Release|Win32
		{809967D1-37FC-49FC-A634-5CBBC4B1E0E4}.Release|x86.Build.0 = Release|Win32
		{4552D568-04A7-43EF-A389-8181D4B05569}.Debug|x64.ActiveCfg = Debug|x64
		{4552D568-04A7-43EF-A389-8181D4B05569}.Debug|x64.Build.0 = Debug|x64
		{4552D568-04A7-43EF-A389-8181D4B05569}.Debug|x86.ActiveCfg = Debug|Win32
		{4552D568-04A7-43EF-A389-8181D4B05569}.Debug|x86.Build.0 = Debug|Win32
		{4552D568-04A7-43EF-A389-8181D4B05569}.Release|x64.ActiveCfg = Release|x64
		{4552D568-04A7-43EF-A389-8181D4B05569}.Release|x64.Build.0 = Release|x64
		{4552D568-04A7-43EF-A389-8181D4B05569}.Release|x86.ActiveCfg = Release|Win32
		{4552D568-04A7-43EF-A389-8181D4B05569}.Release|x86.Build.0 = Release|Win32
		{025973A8-CC2A-4B39-92F9-0E3DBA41AFFF}.Debug|x64.ActiveCfg = Debug|x64
		{025973A8-CC2A-4B39-92F9-0E3DBA41AFFF}.Debug|x64.Build.0 = Debug|x64
		{025973A8-CC2A-4B39-92F9-0E3DBA41AFFF}.Debug|x86.ActiveCfg = Debug|Win32
		{025973A8-CC2A-4B39-92F9-0E3DBA41AFFF}.Debug|x86.Build.0 = Debug|Win32
		{025973A8-CC2A-4B39-92F9-0E3DBA41AFFF}.Release|x64.ActiveCfg = Release|x64
		{025973A8-CC2A-4B39-92F9-0E3DBA41AFFF}.Release|x64.Build.0 = Release|x64
		{025973A8-CC2A-4B39-92F9-0E3DBA41AFFF}.Release|x86.ActiveCfg = Release|Win32
		{025973A8-CC2A-4B39-92F9-0E3DBA41AFFF}.Release|x86.Build.0 = Release|Win32
		{4104922F-D22F-4D3D-A7D7-A705615B6E96}.Debug|x64.ActiveCfg = Debug|x64
		{4104922F-D22F-4D3D-A7D7-A705615B6E96}.Debug|x64.Build.0 = Debug|x64
		{4104922F-D22F-4D3D-A7D7-A705615B6E96}.Debug|x86.ActiveCfg = Debug|Win32
		{4104922F-D22F-4D3D-A7D7-A705615B6E96}.Debug|x86.Build.0 = Debug|Win32
		{4104922F-D22F-4D3D-A7D7-A705615B6E96}.Release|x64.ActiveCfg = Release|x64
		{4104922F-D22F-4D3D-A7D7-A705615B6E96}.Release|x64.Build.0 = Release|x64
		{4104922F-D22F-4D3D-A7D7-A705615B6E96}.Release|x86.ActiveCfg = Release|Win32
		{4104922F-D22F-4D3D-A7D7-A705615B6E96}.Release|x86.Build.0 = Release|Win32
		{AB2D7004-7831-4D68-AF71-BDA48B5E5ED8}.Debug|x64.ActiveCfg = Debug|x64
		{AB2D7004-7831-4D68-AF71-BDA48B5E5ED8}.Debug|x64.Build.0 = Debug|x64
		{AB2D7004-7831-4D68-AF71-BDA48B5E5ED8}.Debug|x86.ActiveCfg = Debug|Win32
		{AB2D7004-7831-4D68-AF71-BDA48B5E5ED8}.Debug|x86.Build.0 = Debug|Win32
		{AB2D7004-7831-4D68-AF71-BDA48B5E5ED8}.Release|x64.ActiveCfg = Release|x64
		{AB2D7004-7831-4D68-AF71-BDA48B5E5ED8}.Release|x64.Build.0 = Release|x64
		{AB2D7004-7831-4D68-AF71-BDA48B5E5ED8}.Release|x86.ActiveCfg = Release|Win32
		{AB2D7004-7831-4D68-AF71-BDA48B5E5ED8}.Release|x86.Build.0 = Release|Win32
		{9AA217FE-6D5F-4EC2-8BCE-CE8AA6DA34A5}.Debug|x64.ActiveCfg = Debug|x64
		{9AA217FE-6D5F-4EC2-8BCE-CE8AA6DA34A5}.Debug|x64.Build.0 = Debug|x64
		{9AA217FE-6D5F-4EC2-8BCE-CE8AA6DA34A5}.Debug|x86.ActiveCfg = Debug|Win32
		{9AA217FE-6D5F-4EC2-8BCE-CE8AA6DA34A5}.Debug|x86.Build.0 = Debug|Win32
		{9AA217FE-6D5F-4EC2-8BCE-CE8AA6DA34A5}.Release|x64.ActiveCfg = Release|x64
		{9AA217FE-6D5F-4EC2-8BCE-CE8AA6DA34A5}.Release|x64.Build.0 = Release|x64
		{9AA217FE-6D5F-4EC2-8BCE-CE8AA6DA34A5}.Release|x86.ActiveCfg = Release|Win32
		{9AA217FE-6D5F-4EC2-8BCE-CE8AA6DA34A5}.Release|x86.Build.0 = Release|Win32
		{A5D9BBC5-2412-44CF-A770-C0FD94992F9A}.Debug|x64.ActiveCfg = Debug|x64
		{A5D9BBC5-2412-44CF-A770-C0FD94992F9A}.Debug|x64.Build.0 = Debug|x64
		{A5D9BBC5-2412-44CF-A770-C0FD94992F9A}.Debug|x86.ActiveCfg = Debug|Win32
		{A5D9BBC5-2412-44CF-A770-C0FD94992F9A}.Debug|x86.Build.0 = Debug|Win32
		{A5D9BBC5-2412-44CF-A770-C0FD94992F9A}.Release|x64.ActiveCfg = Release|x64
		{A5D9BBC5-2412-44CF-A770-C0FD94992F9A}.Release|x64.Build.0 = Release|x64
		{A5D9BBC5-2412-44CF-A770-C0FD94992F9A}.Release|x86.ActiveCfg = Release|Win32
		{A5D9BBC5-2412-44CF-A770-C0FD94992F9A}.Release|x86.Build.0 = Release|Win32
	EndGlobalSection
	GlobalSection(SolutionProperties) = preSolution
		HideSolutionNode = FALSE
	EndGlobalSection
	GlobalSection(ExtensibilityGlobals) = postSolution
		SolutionGuid = {8888FEDD-6872-441E-AD06-ABE53E514630}
	EndGlobalSection
EndGlobal
